
Microsoft Visual Studio Solution File, Format Version 12.00
Project("{FAE04EC0-301F-11D3-BF4B-00C04F79EFBC}") = "FileSenderRailway", "FileSenderRailway\FileSenderRailway.csproj", "{D979A1EA-516A-46BC-BE6C-8845CA10853D}"
EndProject
Project("{FAE04EC0-301F-11D3-BF4B-00C04F79EFBC}") = "ErrorHandling", "ErrorHandling\ErrorHandling.csproj", "{66FAF276-533D-4733-AB2E-A9905D678CF6}"
EndProject
Project("{2150E333-8FDC-42A3-9474-1A3956D46DE8}") = "Samples", "Samples", "{754C1CC8-A8B6-46C6-B35C-8A43B80111A0}"
EndProject
Project("{FAE04EC0-301F-11D3-BF4B-00C04F79EFBC}") = "Summator", "Samples\Summator\Summator.csproj", "{C33F3A5E-A1ED-4657-9B35-968A4CB23AA1}"
EndProject
Project("{FAE04EC0-301F-11D3-BF4B-00C04F79EFBC}") = "ConwaysGameOfLife", "Samples\ConwaysGameOfLife\ConwaysGameOfLife.csproj", "{4B77EC28-5FB5-4095-B3D7-127F5C488D6E}"
EndProject
Project("{FAE04EC0-301F-11D3-BF4B-00C04F79EFBC}") = "TagCloud", "TagCloud\TagCloud.csproj", "{611E05D6-75BA-4036-AC07-ECFD138E7405}"
EndProject
Project("{FAE04EC0-301F-11D3-BF4B-00C04F79EFBC}") = "TagCloudReader", "TagCloudReader\TagCloudReader.csproj", "{9D3CBFCA-4931-4CA2-97FC-7466C7CA7712}"
EndProject
Project("{FAE04EC0-301F-11D3-BF4B-00C04F79EFBC}") = "TagCloudTests", "TagCloudTests\TagCloudTests.csproj", "{E8AFA13C-B712-4254-8BEC-A3CDDA3068C6}"
EndProject
Project("{FAE04EC0-301F-11D3-BF4B-00C04F79EFBC}") = "TagCloudConsoleClient", "TagCloudConsoleClient\TagCloudConsoleClient.csproj", "{F70F7819-210E-467D-A717-868359577057}"
EndProject
Project("{FAE04EC0-301F-11D3-BF4B-00C04F79EFBC}") = "TagCloudWebClient", "TagCloudWebClient\TagCloudWebClient.csproj", "{EC7D052B-A943-4DCF-B60D-5A1F43F89D61}"
EndProject
Global
	GlobalSection(SolutionConfigurationPlatforms) = preSolution
		Debug|Any CPU = Debug|Any CPU
		Release|Any CPU = Release|Any CPU
	EndGlobalSection
	GlobalSection(ProjectConfigurationPlatforms) = postSolution
		{D979A1EA-516A-46BC-BE6C-8845CA10853D}.Debug|Any CPU.ActiveCfg = Debug|Any CPU
		{D979A1EA-516A-46BC-BE6C-8845CA10853D}.Debug|Any CPU.Build.0 = Debug|Any CPU
		{D979A1EA-516A-46BC-BE6C-8845CA10853D}.Release|Any CPU.ActiveCfg = Release|Any CPU
		{D979A1EA-516A-46BC-BE6C-8845CA10853D}.Release|Any CPU.Build.0 = Release|Any CPU
		{66FAF276-533D-4733-AB2E-A9905D678CF6}.Debug|Any CPU.ActiveCfg = Debug|Any CPU
		{66FAF276-533D-4733-AB2E-A9905D678CF6}.Debug|Any CPU.Build.0 = Debug|Any CPU
		{66FAF276-533D-4733-AB2E-A9905D678CF6}.Release|Any CPU.ActiveCfg = Release|Any CPU
		{66FAF276-533D-4733-AB2E-A9905D678CF6}.Release|Any CPU.Build.0 = Release|Any CPU
		{C33F3A5E-A1ED-4657-9B35-968A4CB23AA1}.Debug|Any CPU.ActiveCfg = Debug|Any CPU
		{C33F3A5E-A1ED-4657-9B35-968A4CB23AA1}.Debug|Any CPU.Build.0 = Debug|Any CPU
		{C33F3A5E-A1ED-4657-9B35-968A4CB23AA1}.Release|Any CPU.ActiveCfg = Release|Any CPU
		{C33F3A5E-A1ED-4657-9B35-968A4CB23AA1}.Release|Any CPU.Build.0 = Release|Any CPU
		{4B77EC28-5FB5-4095-B3D7-127F5C488D6E}.Debug|Any CPU.ActiveCfg = Debug|Any CPU
		{4B77EC28-5FB5-4095-B3D7-127F5C488D6E}.Debug|Any CPU.Build.0 = Debug|Any CPU
		{4B77EC28-5FB5-4095-B3D7-127F5C488D6E}.Release|Any CPU.ActiveCfg = Release|Any CPU
		{4B77EC28-5FB5-4095-B3D7-127F5C488D6E}.Release|Any CPU.Build.0 = Release|Any CPU
		{611E05D6-75BA-4036-AC07-ECFD138E7405}.Debug|Any CPU.ActiveCfg = Debug|Any CPU
		{611E05D6-75BA-4036-AC07-ECFD138E7405}.Debug|Any CPU.Build.0 = Debug|Any CPU
		{611E05D6-75BA-4036-AC07-ECFD138E7405}.Release|Any CPU.ActiveCfg = Release|Any CPU
		{611E05D6-75BA-4036-AC07-ECFD138E7405}.Release|Any CPU.Build.0 = Release|Any CPU
		{9D3CBFCA-4931-4CA2-97FC-7466C7CA7712}.Debug|Any CPU.ActiveCfg = Debug|Any CPU
		{9D3CBFCA-4931-4CA2-97FC-7466C7CA7712}.Debug|Any CPU.Build.0 = Debug|Any CPU
		{9D3CBFCA-4931-4CA2-97FC-7466C7CA7712}.Release|Any CPU.ActiveCfg = Release|Any CPU
		{9D3CBFCA-4931-4CA2-97FC-7466C7CA7712}.Release|Any CPU.Build.0 = Release|Any CPU
		{E8AFA13C-B712-4254-8BEC-A3CDDA3068C6}.Debug|Any CPU.ActiveCfg = Debug|Any CPU
		{E8AFA13C-B712-4254-8BEC-A3CDDA3068C6}.Debug|Any CPU.Build.0 = Debug|Any CPU
		{E8AFA13C-B712-4254-8BEC-A3CDDA3068C6}.Release|Any CPU.ActiveCfg = Release|Any CPU
		{E8AFA13C-B712-4254-8BEC-A3CDDA3068C6}.Release|Any CPU.Build.0 = Release|Any CPU
		{F70F7819-210E-467D-A717-868359577057}.Debug|Any CPU.ActiveCfg = Debug|Any CPU
		{F70F7819-210E-467D-A717-868359577057}.Debug|Any CPU.Build.0 = Debug|Any CPU
		{F70F7819-210E-467D-A717-868359577057}.Release|Any CPU.ActiveCfg = Release|Any CPU
		{F70F7819-210E-467D-A717-868359577057}.Release|Any CPU.Build.0 = Release|Any CPU
		{EC7D052B-A943-4DCF-B60D-5A1F43F89D61}.Debug|Any CPU.ActiveCfg = Debug|Any CPU
		{EC7D052B-A943-4DCF-B60D-5A1F43F89D61}.Debug|Any CPU.Build.0 = Debug|Any CPU
		{EC7D052B-A943-4DCF-B60D-5A1F43F89D61}.Release|Any CPU.ActiveCfg = Release|Any CPU
		{EC7D052B-A943-4DCF-B60D-5A1F43F89D61}.Release|Any CPU.Build.0 = Release|Any CPU
	EndGlobalSection
	GlobalSection(NestedProjects) = preSolution
		{C33F3A5E-A1ED-4657-9B35-968A4CB23AA1} = {754C1CC8-A8B6-46C6-B35C-8A43B80111A0}
		{4B77EC28-5FB5-4095-B3D7-127F5C488D6E} = {754C1CC8-A8B6-46C6-B35C-8A43B80111A0}
	EndGlobalSection
EndGlobal
